// !$*UTF8*$!
{
	archiveVersion = 1;
	classes = {
	};
	objectVersion = 50;
	objects = {

/* Begin PBXBuildFile section */
		4777FC162172D3680029B8A9 /* AppDelegate.swift in Sources */ = {isa = PBXBuildFile; fileRef = 4777FC152172D3680029B8A9 /* AppDelegate.swift */; };
		4777FC182172D3680029B8A9 /* GameScene.sks in Resources */ = {isa = PBXBuildFile; fileRef = 4777FC172172D3680029B8A9 /* GameScene.sks */; };
		4777FC1A2172D3680029B8A9 /* Actions.sks in Resources */ = {isa = PBXBuildFile; fileRef = 4777FC192172D3680029B8A9 /* Actions.sks */; };
		4777FC1C2172D3680029B8A9 /* GameScene.swift in Sources */ = {isa = PBXBuildFile; fileRef = 4777FC1B2172D3680029B8A9 /* GameScene.swift */; };
		4777FC1E2172D3680029B8A9 /* GameViewController.swift in Sources */ = {isa = PBXBuildFile; fileRef = 4777FC1D2172D3680029B8A9 /* GameViewController.swift */; };
		4777FC212172D3680029B8A9 /* Main.storyboard in Resources */ = {isa = PBXBuildFile; fileRef = 4777FC1F2172D3680029B8A9 /* Main.storyboard */; };
		4777FC232172D36B0029B8A9 /* Assets.xcassets in Resources */ = {isa = PBXBuildFile; fileRef = 4777FC222172D36B0029B8A9 /* Assets.xcassets */; };
		4777FC262172D36B0029B8A9 /* LaunchScreen.storyboard in Resources */ = {isa = PBXBuildFile; fileRef = 4777FC242172D36B0029B8A9 /* LaunchScreen.storyboard */; };
		4777FC2F2172D46F0029B8A9 /* explosion.mp3 in Resources */ = {isa = PBXBuildFile; fileRef = 4777FC2D2172D46F0029B8A9 /* explosion.mp3 */; };
		4777FC302172D46F0029B8A9 /* torpedo.mp3 in Resources */ = {isa = PBXBuildFile; fileRef = 4777FC2E2172D46F0029B8A9 /* torpedo.mp3 */; };
		4777FC352172D5890029B8A9 /* Explosion.sks in Resources */ = {isa = PBXBuildFile; fileRef = 4777FC332172D5880029B8A9 /* Explosion.sks */; };
		4777FC362172D5890029B8A9 /* Starfield.sks in Resources */ = {isa = PBXBuildFile; fileRef = 4777FC342172D5880029B8A9 /* Starfield.sks */; };
/* End PBXBuildFile section */

/* Begin PBXFileReference section */
		4777FC122172D3680029B8A9 /* Space Warfare.app */ = {isa = PBXFileReference; explicitFileType = wrapper.application; includeInIndex = 0; path = "Space Warfare.app"; sourceTree = BUILT_PRODUCTS_DIR; };
		4777FC152172D3680029B8A9 /* AppDelegate.swift */ = {isa = PBXFileReference; lastKnownFileType = sourcecode.swift; path = AppDelegate.swift; sourceTree = "<group>"; };
		4777FC172172D3680029B8A9 /* GameScene.sks */ = {isa = PBXFileReference; lastKnownFileType = file.sks; path = GameScene.sks; sourceTree = "<group>"; };
		4777FC192172D3680029B8A9 /* Actions.sks */ = {isa = PBXFileReference; lastKnownFileType = file.sks; path = Actions.sks; sourceTree = "<group>"; };
		4777FC1B2172D3680029B8A9 /* GameScene.swift */ = {isa = PBXFileReference; lastKnownFileType = sourcecode.swift; path = GameScene.swift; sourceTree = "<group>"; };
		4777FC1D2172D3680029B8A9 /* GameViewController.swift */ = {isa = PBXFileReference; lastKnownFileType = sourcecode.swift; path = GameViewController.swift; sourceTree = "<group>"; };
		4777FC202172D3680029B8A9 /* Base */ = {isa = PBXFileReference; lastKnownFileType = file.storyboard; name = Base; path = Base.lproj/Main.storyboard; sourceTree = "<group>"; };
		4777FC222172D36B0029B8A9 /* Assets.xcassets */ = {isa = PBXFileReference; lastKnownFileType = folder.assetcatalog; path = Assets.xcassets; sourceTree = "<group>"; };
		4777FC252172D36B0029B8A9 /* Base */ = {isa = PBXFileReference; lastKnownFileType = file.storyboard; name = Base; path = Base.lproj/LaunchScreen.storyboard; sourceTree = "<group>"; };
		4777FC272172D36B0029B8A9 /* Info.plist */ = {isa = PBXFileReference; lastKnownFileType = text.plist.xml; path = Info.plist; sourceTree = "<group>"; };
		4777FC2D2172D46F0029B8A9 /* explosion.mp3 */ = {isa = PBXFileReference; lastKnownFileType = audio.mp3; path = explosion.mp3; sourceTree = "<group>"; };
		4777FC2E2172D46F0029B8A9 /* torpedo.mp3 */ = {isa = PBXFileReference; lastKnownFileType = audio.mp3; path = torpedo.mp3; sourceTree = "<group>"; };
		4777FC332172D5880029B8A9 /* Explosion.sks */ = {isa = PBXFileReference; lastKnownFileType = file.sks; path = Explosion.sks; sourceTree = "<group>"; };
		4777FC342172D5880029B8A9 /* Starfield.sks */ = {isa = PBXFileReference; lastKnownFileType = file.sks; path = Starfield.sks; sourceTree = "<group>"; };
/* End PBXFileReference section */

/* Begin PBXFrameworksBuildPhase section */
		4777FC0F2172D3680029B8A9 /* Frameworks */ = {
			isa = PBXFrameworksBuildPhase;
			buildActionMask = 2147483647;
			files = (
			);
			runOnlyForDeploymentPostprocessing = 0;
		};
/* End PBXFrameworksBuildPhase section */

/* Begin PBXGroup section */
		4777FC092172D3680029B8A9 = {
			isa = PBXGroup;
			children = (
				4777FC142172D3680029B8A9 /* Space Warfare */,
				4777FC132172D3680029B8A9 /* Products */,
			);
			sourceTree = "<group>";
		};
		4777FC132172D3680029B8A9 /* Products */ = {
			isa = PBXGroup;
			children = (
				4777FC122172D3680029B8A9 /* Space Warfare.app */,
			);
			name = Products;
			sourceTree = "<group>";
		};
		4777FC142172D3680029B8A9 /* Space Warfare */ = {
			isa = PBXGroup;
			children = (
				4777FC152172D3680029B8A9 /* AppDelegate.swift */,
				4777FC172172D3680029B8A9 /* GameScene.sks */,
				4777FC192172D3680029B8A9 /* Actions.sks */,
				4777FC1B2172D3680029B8A9 /* GameScene.swift */,
				4777FC1D2172D3680029B8A9 /* GameViewController.swift */,
				4777FC1F2172D3680029B8A9 /* Main.storyboard */,
				4777FC2D2172D46F0029B8A9 /* explosion.mp3 */,
				4777FC2E2172D46F0029B8A9 /* torpedo.mp3 */,
				4777FC332172D5880029B8A9 /* Explosion.sks */,
				4777FC342172D5880029B8A9 /* Starfield.sks */,
				4777FC222172D36B0029B8A9 /* Assets.xcassets */,
				4777FC242172D36B0029B8A9 /* LaunchScreen.storyboard */,
				4777FC272172D36B0029B8A9 /* Info.plist */,
			);
			path = "Space Warfare";
			sourceTree = "<group>";
		};
/* End PBXGroup section */

/* Begin PBXNativeTarget section */
		4777FC112172D3680029B8A9 /* Space Warfare */ = {
			isa = PBXNativeTarget;
			buildConfigurationList = 4777FC2A2172D36B0029B8A9 /* Build configuration list for PBXNativeTarget "Space Warfare" */;
			buildPhases = (
				4777FC0E2172D3680029B8A9 /* Sources */,
				4777FC0F2172D3680029B8A9 /* Frameworks */,
				4777FC102172D3680029B8A9 /* Resources */,
			);
			buildRules = (
			);
			dependencies = (
			);
			name = "Space Warfare";
			productName = "Space Warfare";
			productReference = 4777FC122172D3680029B8A9 /* Space Warfare.app */;
			productType = "com.apple.product-type.application";
		};
/* End PBXNativeTarget section */

/* Begin PBXProject section */
		4777FC0A2172D3680029B8A9 /* Project object */ = {
			isa = PBXProject;
			attributes = {
				LastSwiftUpdateCheck = 1000;
				LastUpgradeCheck = 1000;
				ORGANIZATIONNAME = "Kay Bee Development";
				TargetAttributes = {
					4777FC112172D3680029B8A9 = {
						CreatedOnToolsVersion = 10.0;
					};
				};
			};
			buildConfigurationList = 4777FC0D2172D3680029B8A9 /* Build configuration list for PBXProject "Space Warfare" */;
			compatibilityVersion = "Xcode 9.3";
			developmentRegion = en;
			hasScannedForEncodings = 0;
			knownRegions = (
				en,
				Base,
			);
			mainGroup = 4777FC092172D3680029B8A9;
			productRefGroup = 4777FC132172D3680029B8A9 /* Products */;
			projectDirPath = "";
			projectRoot = "";
			targets = (
				4777FC112172D3680029B8A9 /* Space Warfare */,
			);
		};
/* End PBXProject section */

/* Begin PBXResourcesBuildPhase section */
		4777FC102172D3680029B8A9 /* Resources */ = {
			isa = PBXResourcesBuildPhase;
			buildActionMask = 2147483647;
			files = (
				4777FC302172D46F0029B8A9 /* torpedo.mp3 in Resources */,
				4777FC2F2172D46F0029B8A9 /* explosion.mp3 in Resources */,
				4777FC212172D3680029B8A9 /* Main.storyboard in Resources */,
				4777FC182172D3680029B8A9 /* GameScene.sks in Resources */,
				4777FC232172D36B0029B8A9 /* Assets.xcassets in Resources */,
				4777FC352172D5890029B8A9 /* Explosion.sks in Resources */,
				4777FC362172D5890029B8A9 /* Starfield.sks in Resources */,
				4777FC262172D36B0029B8A9 /* LaunchScreen.storyboard in Resources */,
				4777FC1A2172D3680029B8A9 /* Actions.sks in Resources */,
			);
			runOnlyForDeploymentPostprocessing = 0;
		};
/* End PBXResourcesBuildPhase section */

/* Begin PBXSourcesBuildPhase section */
		4777FC0E2172D3680029B8A9 /* Sources */ = {
			isa = PBXSourcesBuildPhase;
			buildActionMask = 2147483647;
			files = (
				4777FC1C2172D3680029B8A9 /* GameScene.swift in Sources */,
				4777FC1E2172D3680029B8A9 /* GameViewController.swift in Sources */,
				4777FC162172D3680029B8A9 /* AppDelegate.swift in Sources */,
			);
			runOnlyForDeploymentPostprocessing = 0;
		};
/* End PBXSourcesBuildPhase section */

/* Begin PBXVariantGroup section */
		4777FC1F2172D3680029B8A9 /* Main.storyboard */ = {
			isa = PBXVariantGroup;
			children = (
				4777FC202172D3680029B8A9 /* Base */,
			);
			name = Main.storyboard;
			sourceTree = "<group>";
		};
		4777FC242172D36B0029B8A9 /* LaunchScreen.storyboard */ = {
			isa = PBXVariantGroup;
			children = (
				4777FC252172D36B0029B8A9 /* Base */,
			);
			name = LaunchScreen.storyboard;
			sourceTree = "<group>";
		};
/* End PBXVariantGroup section */

/* Begin XCBuildConfiguration section */
		4777FC282172D36B0029B8A9 /* Debug */ = {
			isa = XCBuildConfiguration;
			buildSettings = {
				ALWAYS_SEARCH_USER_PATHS = NO;
				CLANG_ANALYZER_NONNULL = YES;
				CLANG_ANALYZER_NUMBER_OBJECT_CONVERSION = YES_AGGRESSIVE;
				CLANG_CXX_LANGUAGE_STANDARD = "gnu++14";
				CLANG_CXX_LIBRARY = "libc++";
				CLANG_ENABLE_MODULES = YES;
				CLANG_ENABLE_OBJC_ARC = YES;
				CLANG_ENABLE_OBJC_WEAK = YES;
				CLANG_WARN_BLOCK_CAPTURE_AUTORELEASING = YES;
				CLANG_WARN_BOOL_CONVERSION = YES;
				CLANG_WARN_COMMA = YES;
				CLANG_WARN_CONSTANT_CONVERSION = YES;
				CLANG_WARN_DEPRECATED_OBJC_IMPLEMENTATIONS = YES;
				CLANG_WARN_DIRECT_OBJC_ISA_USAGE = YES_ERROR;
				CLANG_WARN_DOCUMENTATION_COMMENTS = YES;
				CLANG_WARN_EMPTY_BODY = YES;
				CLANG_WARN_ENUM_CONVERSION = YES;
				CLANG_WARN_INFINITE_RECURSION = YES;
				CLANG_WARN_INT_CONVERSION = YES;
				CLANG_WARN_NON_LITERAL_NULL_CONVERSION = YES;
				CLANG_WARN_OBJC_IMPLICIT_RETAIN_SELF = YES;
				CLANG_WARN_OBJC_LITERAL_CONVERSION = YES;
				CLANG_WARN_OBJC_ROOT_CLASS = YES_ERROR;
				CLANG_WARN_RANGE_LOOP_ANALYSIS = YES;
				CLANG_WARN_STRICT_PROTOTYPES = YES;
				CLANG_WARN_SUSPICIOUS_MOVE = YES;
				CLANG_WARN_UNGUARDED_AVAILABILITY = YES_AGGRESSIVE;
				CLANG_WARN_UNREACHABLE_CODE = YES;
				CLANG_WARN__DUPLICATE_METHOD_MATCH = YES;
				CODE_SIGN_IDENTITY = "iPhone Developer";
				COPY_PHASE_STRIP = NO;
				DEBUG_INFORMATION_FORMAT = dwarf;
				ENABLE_STRICT_OBJC_MSGSEND = YES;
				ENABLE_TESTABILITY = YES;
				GCC_C_LANGUAGE_STANDARD = gnu11;
				GCC_DYNAMIC_NO_PIC = NO;
				GCC_NO_COMMON_BLOCKS = YES;
				GCC_OPTIMIZATION_LEVEL = 0;
				GCC_PREPROCESSOR_DEFINITIONS = (
					"DEBUG=1",
					"$(inherited)",
				);
				GCC_WARN_64_TO_32_BIT_CONVERSION = YES;
				GCC_WARN_ABOUT_RETURN_TYPE = YES_ERROR;
				GCC_WARN_UNDECLARED_SELECTOR = YES;
				GCC_WARN_UNINITIALIZED_AUTOS = YES_AGGRESSIVE;
				GCC_WARN_UNUSED_FUNCTION = YES;
				GCC_WARN_UNUSED_VARIABLE = YES;
				IPHONEOS_DEPLOYMENT_TARGET = 12.0;
				MTL_ENABLE_DEBUG_INFO = INCLUDE_SOURCE;
				MTL_FAST_MATH = YES;
				ONLY_ACTIVE_ARCH = YES;
				SDKROOT = iphoneos;
				SWIFT_ACTIVE_COMPILATION_CONDITIONS = DEBUG;
				SWIFT_OPTIMIZATION_LEVEL = "-Onone";
			};
			name = Debug;
		};
		4777FC292172D36B0029B8A9 /* Release */ = {
			isa = XCBuildConfiguration;
			buildSettings = {
				ALWAYS_SEARCH_USER_PATHS = NO;
				CLANG_ANALYZER_NONNULL = YES;
				CLANG_ANALYZER_NUMBER_OBJECT_CONVERSION = YES_AGGRESSIVE;
				CLANG_CXX_LANGUAGE_STANDARD = "gnu++14";
				CLANG_CXX_LIBRARY = "libc++";
				CLANG_ENABLE_MODULES = YES;
				CLANG_ENABLE_OBJC_ARC = YES;
				CLANG_ENABLE_OBJC_WEAK = YES;
				CLANG_WARN_BLOCK_CAPTURE_AUTORELEASING = YES;
				CLANG_WARN_BOOL_CONVERSION = YES;
				CLANG_WARN_COMMA = YES;
				CLANG_WARN_CONSTANT_CONVERSION = YES;
				CLANG_WARN_DEPRECATED_OBJC_IMPLEMENTATIONS = YES;
				CLANG_WARN_DIRECT_OBJC_ISA_USAGE = YES_ERROR;
				CLANG_WARN_DOCUMENTATION_COMMENTS = YES;
				CLANG_WARN_EMPTY_BODY = YES;
				CLANG_WARN_ENUM_CONVERSION = YES;
				CLANG_WARN_INFINITE_RECURSION = YES;
				CLANG_WARN_INT_CONVERSION = YES;
				CLANG_WARN_NON_LITERAL_NULL_CONVERSION = YES;
				CLANG_WARN_OBJC_IMPLICIT_RETAIN_SELF = YES;
				CLANG_WARN_OBJC_LITERAL_CONVERSION = YES;
				CLANG_WARN_OBJC_ROOT_CLASS = YES_ERROR;
				CLANG_WARN_RANGE_LOOP_ANALYSIS = YES;
				CLANG_WARN_STRICT_PROTOTYPES = YES;
				CLANG_WARN_SUSPICIOUS_MOVE = YES;
				CLANG_WARN_UNGUARDED_AVAILABILITY = YES_AGGRESSIVE;
				CLANG_WARN_UNREACHABLE_CODE = YES;
				CLANG_WARN__DUPLICATE_METHOD_MATCH = YES;
				CODE_SIGN_IDENTITY = "iPhone Developer";
				COPY_PHASE_STRIP = NO;
				DEBUG_INFORMATION_FORMAT = "dwarf-with-dsym";
				ENABLE_NS_ASSERTIONS = NO;
				ENABLE_STRICT_OBJC_MSGSEND = YES;
				GCC_C_LANGUAGE_STANDARD = gnu11;
				GCC_NO_COMMON_BLOCKS = YES;
				GCC_WARN_64_TO_32_BIT_CONVERSION = YES;
				GCC_WARN_ABOUT_RETURN_TYPE = YES_ERROR;
				GCC_WARN_UNDECLARED_SELECTOR = YES;
				GCC_WARN_UNINITIALIZED_AUTOS = YES_AGGRESSIVE;
				GCC_WARN_UNUSED_FUNCTION = YES;
				GCC_WARN_UNUSED_VARIABLE = YES;
				IPHONEOS_DEPLOYMENT_TARGET = 12.0;
				MTL_ENABLE_DEBUG_INFO = NO;
				MTL_FAST_MATH = YES;
				SDKROOT = iphoneos;
				SWIFT_COMPILATION_MODE = wholemodule;
				SWIFT_OPTIMIZATION_LEVEL = "-O";
				VALIDATE_PRODUCT = YES;
			};
			name = Release;
		};
		4777FC2B2172D36B0029B8A9 /* Debug */ = {
			isa = XCBuildConfiguration;
			buildSettings = {
				ASSETCATALOG_COMPILER_APPICON_NAME = AppIcon;
				CODE_SIGN_STYLE = Automatic;
				DEVELOPMENT_TEAM = 2378CMHKJ7;
				INFOPLIST_FILE = "Space Warfare/Info.plist";
				LD_RUNPATH_SEARCH_PATHS = (
					"$(inherited)",
					"@executable_path/Frameworks",
				);
				PRODUCT_BUNDLE_IDENTIFIER = "KayBeeDevelopment-305841515.Space-Warfare";
				PRODUCT_NAME = "$(TARGET_NAME)";
				SWIFT_VERSION = 4.2;
				TARGETED_DEVICE_FAMILY = "1,2";
			};
			name = Debug;
		};
		4777FC2C2172D36B0029B8A9 /* Release */ = {
			isa = XCBuildConfiguration;
			buildSettings = {
				ASSETCATALOG_COMPILER_APPICON_NAME = AppIcon;
				CODE_SIGN_STYLE = Automatic;
				DEVELOPMENT_TEAM = 2378CMHKJ7;
				INFOPLIST_FILE = "Space Warfare/Info.plist";
				LD_RUNPATH_SEARCH_PATHS = (
					"$(inherited)",
					"@executable_path/Frameworks",
				);
				PRODUCT_BUNDLE_IDENTIFIER = "KayBeeDevelopment-305841515.Space-Warfare";
				PRODUCT_NAME = "$(TARGET_NAME)";
				SWIFT_VERSION = 4.2;
				TARGETED_DEVICE_FAMILY = "1,2";
			};
			name = Release;
		};
/* End XCBuildConfiguration section */

/* Begin XCConfigurationList section */
		4777FC0D2172D3680029B8A9 /* Build configuration list for PBXProject "Space Warfare" */ = {
			isa = XCConfigurationList;
			buildConfigurations = (
				4777FC282172D36B0029B8A9 /* Debug */,
				4777FC292172D36B0029B8A9 /* Release */,
			);
			defaultConfigurationIsVisible = 0;
			defaultConfigurationName = Release;
		};
		4777FC2A2172D36B0029B8A9 /* Build configuration list for PBXNativeTarget "Space Warfare" */ = {
			isa = XCConfigurationList;
			buildConfigurations = (
				4777FC2B2172D36B0029B8A9 /* Debug */,
				4777FC2C2172D36B0029B8A9 /* Release */,
			);
			defaultConfigurationIsVisible = 0;
			defaultConfigurationName = Release;
		};
/* End XCConfigurationList section */
	};
	rootObject = 4777FC0A2172D3680029B8A9 /* Project object */;
}
